
Microsoft Visual Studio Solution File, Format Version 12.00
# Visual Studio Version 17
VisualStudioVersion = 17.11.35327.3
MinimumVisualStudioVersion = 10.0.40219.1
Project("{FAE04EC0-301F-11D3-BF4B-00C04F79EFBC}") = "Ecommerce.Web", "Ecommerce.Web\Ecommerce.Web.csproj", "{7A8A208F-BB86-4C58-9E54-E984D9EAC50E}"
EndProject
Project("{FAE04EC0-301F-11D3-BF4B-00C04F79EFBC}") = "Ecommerce.ProductService", "Ecommerce.ProductService\Ecommerce.ProductService.csproj", "{BDA4348A-AD9F-411C-95E1-A961CDFAA429}"
EndProject
Project("{FAE04EC0-301F-11D3-BF4B-00C04F79EFBC}") = "Ecommerce.OrderService", "Ecommerce.OrderService\Ecommerce.OrderService.csproj", "{1CE632C8-CF02-4409-95DD-87050F32C4C2}"
EndProject
Project("{FAE04EC0-301F-11D3-BF4B-00C04F79EFBC}") = "Ecommerce.Model", "Ecommerce.Model\Ecommerce.Model.csproj", "{58883009-3A15-4C0D-8C1E-350D61A74C9F}"
EndProject
Project("{FAE04EC0-301F-11D3-BF4B-00C04F79EFBC}") = "Ecommerce.AppHost", "Ecommerce.AppHost\Ecommerce.AppHost.csproj", "{464623CE-5279-420F-8283-29628894B726}"
EndProject
Global
	GlobalSection(SolutionConfigurationPlatforms) = preSolution
		Debug|Any CPU = Debug|Any CPU
		Release|Any CPU = Release|Any CPU
	EndGlobalSection
	GlobalSection(ProjectConfigurationPlatforms) = postSolution
		{7A8A208F-BB86-4C58-9E54-E984D9EAC50E}.Debug|Any CPU.ActiveCfg = Debug|Any CPU
		{7A8A208F-BB86-4C58-9E54-E984D9EAC50E}.Debug|Any CPU.Build.0 = Debug|Any CPU
		{7A8A208F-BB86-4C58-9E54-E984D9EAC50E}.Release|Any CPU.ActiveCfg = Release|Any CPU
		{7A8A208F-BB86-4C58-9E54-E984D9EAC50E}.Release|Any CPU.Build.0 = Release|Any CPU
		{BDA4348A-AD9F-411C-95E1-A961CDFAA429}.Debug|Any CPU.ActiveCfg = Debug|Any CPU
		{BDA4348A-AD9F-411C-95E1-A961CDFAA429}.Debug|Any CPU.Build.0 = Debug|Any CPU
		{BDA4348A-AD9F-411C-95E1-A961CDFAA429}.Release|Any CPU.ActiveCfg = Release|Any CPU
		{BDA4348A-AD9F-411C-95E1-A961CDFAA429}.Release|Any CPU.Build.0 = Release|Any CPU
		{1CE632C8-CF02-4409-95DD-87050F32C4C2}.Debug|Any CPU.ActiveCfg = Debug|Any CPU
		{1CE632C8-CF02-4409-95DD-87050F32C4C2}.Debug|Any CPU.Build.0 = Debug|Any CPU
		{1CE632C8-CF02-4409-95DD-87050F32C4C2}.Release|Any CPU.ActiveCfg = Release|Any CPU
		{1CE632C8-CF02-4409-95DD-87050F32C4C2}.Release|Any CPU.Build.0 = Release|Any CPU
		{58883009-3A15-4C0D-8C1E-350D61A74C9F}.Debug|Any CPU.ActiveCfg = Debug|Any CPU
		{58883009-3A15-4C0D-8C1E-350D61A74C9F}.Debug|Any CPU.Build.0 = Debug|Any CPU
		{58883009-3A15-4C0D-8C1E-350D61A74C9F}.Release|Any CPU.ActiveCfg = Release|Any CPU
		{58883009-3A15-4C0D-8C1E-350D61A74C9F}.Release|Any CPU.Build.0 = Release|Any CPU
		{464623CE-5279-420F-8283-29628894B726}.Debug|Any CPU.ActiveCfg = Debug|Any CPU
		{464623CE-5279-420F-8283-29628894B726}.Debug|Any CPU.Build.0 = Debug|Any CPU
		{464623CE-5279-420F-8283-29628894B726}.Release|Any CPU.ActiveCfg = Release|Any CPU
		{464623CE-5279-420F-8283-29628894B726}.Release|Any CPU.Build.0 = Release|Any CPU
	EndGlobalSection
	GlobalSection(SolutionProperties) = preSolution
		HideSolutionNode = FALSE
	EndGlobalSection
	GlobalSection(ExtensibilityGlobals) = postSolution
		SolutionGuid = {49F83529-A8C3-4786-A372-7D021C089CD2}
	EndGlobalSection
EndGlobal
